
Microsoft Visual Studio Solution File, Format Version 12.00
# Visual Studio Version 17
VisualStudioVersion = 17.8.34309.116
MinimumVisualStudioVersion = 10.0.40219.1
Project("{FAE04EC0-301F-11D3-BF4B-00C04F79EFBC}") = "CursedImageTranslator", "CursedImageTranslator\CursedImageTranslator.csproj", "{86460014-CE9E-4D00-8CEE-B52FD499C6A8}"
EndProject
Global
	GlobalSection(SolutionConfigurationPlatforms) = preSolution
		Debug|Any CPU = Debug|Any CPU
		Release|Any CPU = Release|Any CPU
	EndGlobalSection
	GlobalSection(ProjectConfigurationPlatforms) = postSolution
		{86460014-CE9E-4D00-8CEE-B52FD499C6A8}.Debug|Any CPU.ActiveCfg = Debug|Any CPU
		{86460014-CE9E-4D00-8CEE-B52FD499C6A8}.Debug|Any CPU.Build.0 = Debug|Any CPU
		{86460014-CE9E-4D00-8CEE-B52FD499C6A8}.Release|Any CPU.ActiveCfg = Release|Any CPU
		{86460014-CE9E-4D00-8CEE-B52FD499C6A8}.Release|Any CPU.Build.0 = Release|Any CPU
	EndGlobalSection
	GlobalSection(SolutionProperties) = preSolution
		HideSolutionNode = FALSE
	EndGlobalSection
	GlobalSection(ExtensibilityGlobals) = postSolution
		SolutionGuid = {08E31257-2ACB-4A0D-A640-43D2D6F32B85}
	EndGlobalSection
EndGlobal
